
Microsoft Visual Studio Solution File, Format Version 12.00
# Visual Studio 15
VisualStudioVersion = 15.0.28307.136
MinimumVisualStudioVersion = 10.0.40219.1
Project("{FAE04EC0-301F-11D3-BF4B-00C04F79EFBC}") = "Demo_ifelse", "Demo_ifelse\Demo_ifelse.csproj", "{3D743D39-A1E5-4EE9-B83B-B8481ECD0CE9}"
EndProject
Global
	GlobalSection(SolutionConfigurationPlatforms) = preSolution
		Debug|Any CPU = Debug|Any CPU
		Release|Any CPU = Release|Any CPU
	EndGlobalSection
	GlobalSection(ProjectConfigurationPlatforms) = postSolution
		{3D743D39-A1E5-4EE9-B83B-B8481ECD0CE9}.Debug|Any CPU.ActiveCfg = Debug|Any CPU
		{3D743D39-A1E5-4EE9-B83B-B8481ECD0CE9}.Debug|Any CPU.Build.0 = Debug|Any CPU
		{3D743D39-A1E5-4EE9-B83B-B8481ECD0CE9}.Release|Any CPU.ActiveCfg = Release|Any CPU
		{3D743D39-A1E5-4EE9-B83B-B8481ECD0CE9}.Release|Any CPU.Build.0 = Release|Any CPU
	EndGlobalSection
	GlobalSection(SolutionProperties) = preSolution
		HideSolutionNode = FALSE
	EndGlobalSection
	GlobalSection(ExtensibilityGlobals) = postSolution
		SolutionGuid = {C33A802F-E2E2-4345-B87F-65142590C3D2}
	EndGlobalSection
EndGlobal
